
Microsoft Visual Studio Solution File, Format Version 12.00
# Visual Studio Version 17
VisualStudioVersion = 17.11.35222.181
MinimumVisualStudioVersion = 10.0.40219.1
Project("{FAE04EC0-301F-11D3-BF4B-00C04F79EFBC}") = "JunPro_499769_Responsi", "JunPro_499769_Responsi.csproj", "{B14C06DF-B8E9-4F3D-8B5F-88A23D6CEF0F}"
EndProject
Global
	GlobalSection(SolutionConfigurationPlatforms) = preSolution
		Debug|Any CPU = Debug|Any CPU
		Release|Any CPU = Release|Any CPU
	EndGlobalSection
	GlobalSection(ProjectConfigurationPlatforms) = postSolution
		{B14C06DF-B8E9-4F3D-8B5F-88A23D6CEF0F}.Debug|Any CPU.ActiveCfg = Debug|Any CPU
		{B14C06DF-B8E9-4F3D-8B5F-88A23D6CEF0F}.Debug|Any CPU.Build.0 = Debug|Any CPU
		{B14C06DF-B8E9-4F3D-8B5F-88A23D6CEF0F}.Release|Any CPU.ActiveCfg = Release|Any CPU
		{B14C06DF-B8E9-4F3D-8B5F-88A23D6CEF0F}.Release|Any CPU.Build.0 = Release|Any CPU
	EndGlobalSection
	GlobalSection(SolutionProperties) = preSolution
		HideSolutionNode = FALSE
	EndGlobalSection
	GlobalSection(ExtensibilityGlobals) = postSolution
		SolutionGuid = {F39ACDB9-6FAA-4602-99DA-2AA2628EDCF6}
	EndGlobalSection
EndGlobal
